
Microsoft Visual Studio Solution File, Format Version 12.00
# Visual Studio Version 17
VisualStudioVersion = 17.8.34511.84
MinimumVisualStudioVersion = 10.0.40219.1
Project("{FAE04EC0-301F-11D3-BF4B-00C04F79EFBC}") = "TestApp", "TestApp\TestApp.csproj", "{EA66DD34-532B-44C1-BD4B-CFD676E4F992}"
EndProject
Project("{FAE04EC0-301F-11D3-BF4B-00C04F79EFBC}") = "GitHubRestApiClient", "GitHubRestApiClient\GitHubRestApiClient.csproj", "{DAFE5A8B-1F45-4D3B-992E-A74754A2AB04}"
EndProject
Global
	GlobalSection(SolutionConfigurationPlatforms) = preSolution
		Debug|Any CPU = Debug|Any CPU
		Release|Any CPU = Release|Any CPU
	EndGlobalSection
	GlobalSection(ProjectConfigurationPlatforms) = postSolution
		{EA66DD34-532B-44C1-BD4B-CFD676E4F992}.Debug|Any CPU.ActiveCfg = Debug|Any CPU
		{EA66DD34-532B-44C1-BD4B-CFD676E4F992}.Debug|Any CPU.Build.0 = Debug|Any CPU
		{EA66DD34-532B-44C1-BD4B-CFD676E4F992}.Release|Any CPU.ActiveCfg = Release|Any CPU
		{EA66DD34-532B-44C1-BD4B-CFD676E4F992}.Release|Any CPU.Build.0 = Release|Any CPU
		{DAFE5A8B-1F45-4D3B-992E-A74754A2AB04}.Debug|Any CPU.ActiveCfg = Debug|Any CPU
		{DAFE5A8B-1F45-4D3B-992E-A74754A2AB04}.Debug|Any CPU.Build.0 = Debug|Any CPU
		{DAFE5A8B-1F45-4D3B-992E-A74754A2AB04}.Release|Any CPU.ActiveCfg = Release|Any CPU
		{DAFE5A8B-1F45-4D3B-992E-A74754A2AB04}.Release|Any CPU.Build.0 = Release|Any CPU
	EndGlobalSection
	GlobalSection(SolutionProperties) = preSolution
		HideSolutionNode = FALSE
	EndGlobalSection
	GlobalSection(ExtensibilityGlobals) = postSolution
		SolutionGuid = {9E356F90-436C-488F-B9A1-6E4DFDB0B3A5}
	EndGlobalSection
EndGlobal
